
Microsoft Visual Studio Solution File, Format Version 12.00
# Visual Studio Version 17
VisualStudioVersion = 17.8.34330.188
MinimumVisualStudioVersion = 10.0.40219.1
Project("{9A19103F-16F7-4668-BE54-9A1E7A4F7556}") = "Coreilk", "Coreilk\Coreilk.csproj", "{62A0483F-709B-4F5B-91A8-542AB641F0C7}"
EndProject
Project("{9A19103F-16F7-4668-BE54-9A1E7A4F7556}") = "EntityLayer", "EntityLayer\EntityLayer.csproj", "{7220F97F-9493-4FBB-BC78-1BFBE215FF37}"
EndProject
Project("{9A19103F-16F7-4668-BE54-9A1E7A4F7556}") = "DataAccessLayer", "DataAccessLayer\DataAccessLayer.csproj", "{C05476B5-09C7-486F-8571-8919482E356E}"
EndProject
Project("{9A19103F-16F7-4668-BE54-9A1E7A4F7556}") = "BusinessLayer", "BusinnessLayer\BusinessLayer.csproj", "{57254C2B-9B7E-46FC-B84A-577E8B98AF7D}"
EndProject
Project("{9A19103F-16F7-4668-BE54-9A1E7A4F7556}") = "CoreLayer", "CoreLayer\CoreLayer.csproj", "{9AB1F981-998E-41D5-9E75-DA4F3ECCB205}"
EndProject
Global
	GlobalSection(SolutionConfigurationPlatforms) = preSolution
		Debug|Any CPU = Debug|Any CPU
		Release|Any CPU = Release|Any CPU
	EndGlobalSection
	GlobalSection(ProjectConfigurationPlatforms) = postSolution
		{62A0483F-709B-4F5B-91A8-542AB641F0C7}.Debug|Any CPU.ActiveCfg = Debug|Any CPU
		{62A0483F-709B-4F5B-91A8-542AB641F0C7}.Debug|Any CPU.Build.0 = Debug|Any CPU
		{62A0483F-709B-4F5B-91A8-542AB641F0C7}.Release|Any CPU.ActiveCfg = Release|Any CPU
		{62A0483F-709B-4F5B-91A8-542AB641F0C7}.Release|Any CPU.Build.0 = Release|Any CPU
		{7220F97F-9493-4FBB-BC78-1BFBE215FF37}.Debug|Any CPU.ActiveCfg = Debug|Any CPU
		{7220F97F-9493-4FBB-BC78-1BFBE215FF37}.Debug|Any CPU.Build.0 = Debug|Any CPU
		{7220F97F-9493-4FBB-BC78-1BFBE215FF37}.Release|Any CPU.ActiveCfg = Release|Any CPU
		{7220F97F-9493-4FBB-BC78-1BFBE215FF37}.Release|Any CPU.Build.0 = Release|Any CPU
		{C05476B5-09C7-486F-8571-8919482E356E}.Debug|Any CPU.ActiveCfg = Debug|Any CPU
		{C05476B5-09C7-486F-8571-8919482E356E}.Debug|Any CPU.Build.0 = Debug|Any CPU
		{C05476B5-09C7-486F-8571-8919482E356E}.Release|Any CPU.ActiveCfg = Release|Any CPU
		{C05476B5-09C7-486F-8571-8919482E356E}.Release|Any CPU.Build.0 = Release|Any CPU
		{57254C2B-9B7E-46FC-B84A-577E8B98AF7D}.Debug|Any CPU.ActiveCfg = Debug|Any CPU
		{57254C2B-9B7E-46FC-B84A-577E8B98AF7D}.Debug|Any CPU.Build.0 = Debug|Any CPU
		{57254C2B-9B7E-46FC-B84A-577E8B98AF7D}.Release|Any CPU.ActiveCfg = Release|Any CPU
		{57254C2B-9B7E-46FC-B84A-577E8B98AF7D}.Release|Any CPU.Build.0 = Release|Any CPU
		{9AB1F981-998E-41D5-9E75-DA4F3ECCB205}.Debug|Any CPU.ActiveCfg = Debug|Any CPU
		{9AB1F981-998E-41D5-9E75-DA4F3ECCB205}.Debug|Any CPU.Build.0 = Debug|Any CPU
		{9AB1F981-998E-41D5-9E75-DA4F3ECCB205}.Release|Any CPU.ActiveCfg = Release|Any CPU
		{9AB1F981-998E-41D5-9E75-DA4F3ECCB205}.Release|Any CPU.Build.0 = Release|Any CPU
	EndGlobalSection
	GlobalSection(SolutionProperties) = preSolution
		HideSolutionNode = FALSE
	EndGlobalSection
	GlobalSection(ExtensibilityGlobals) = postSolution
		SolutionGuid = {042A986C-93D0-4F06-9B6E-7B4BF320C2FF}
	EndGlobalSection
EndGlobal
